
Microsoft Visual Studio Solution File, Format Version 12.00
# Visual Studio Version 17
VisualStudioVersion = 17.5.2.0
MinimumVisualStudioVersion = 10.0.40219.1
Project("{FAE04EC0-301F-11D3-BF4B-00C04F79EFBC}") = "NordicBeesERP", "NordicBeesERP.csproj", "{896C6B7F-B026-CA8C-0281-5E897191DE8A}"
EndProject
Project("{FAE04EC0-301F-11D3-BF4B-00C04F79EFBC}") = "NordicBeesERP.Tests", "..\NordicBeesERP.Tests\NordicBeesERP.Tests.csproj", "{71444685-9BE9-4257-8276-3DD45CC4639C}"
EndProject
Global
	GlobalSection(SolutionConfigurationPlatforms) = preSolution
		Debug|Any CPU = Debug|Any CPU
		Debug|x64 = Debug|x64
		Debug|x86 = Debug|x86
		Release|Any CPU = Release|Any CPU
		Release|x64 = Release|x64
		Release|x86 = Release|x86
	EndGlobalSection
	GlobalSection(ProjectConfigurationPlatforms) = postSolution
		{896C6B7F-B026-CA8C-0281-5E897191DE8A}.Debug|Any CPU.ActiveCfg = Debug|Any CPU
		{896C6B7F-B026-CA8C-0281-5E897191DE8A}.Debug|Any CPU.Build.0 = Debug|Any CPU
		{896C6B7F-B026-CA8C-0281-5E897191DE8A}.Debug|x64.ActiveCfg = Debug|Any CPU
		{896C6B7F-B026-CA8C-0281-5E897191DE8A}.Debug|x64.Build.0 = Debug|Any CPU
		{896C6B7F-B026-CA8C-0281-5E897191DE8A}.Debug|x86.ActiveCfg = Debug|Any CPU
		{896C6B7F-B026-CA8C-0281-5E897191DE8A}.Debug|x86.Build.0 = Debug|Any CPU
		{896C6B7F-B026-CA8C-0281-5E897191DE8A}.Release|Any CPU.ActiveCfg = Release|Any CPU
		{896C6B7F-B026-CA8C-0281-5E897191DE8A}.Release|Any CPU.Build.0 = Release|Any CPU
		{896C6B7F-B026-CA8C-0281-5E897191DE8A}.Release|x64.ActiveCfg = Release|Any CPU
		{896C6B7F-B026-CA8C-0281-5E897191DE8A}.Release|x64.Build.0 = Release|Any CPU
		{896C6B7F-B026-CA8C-0281-5E897191DE8A}.Release|x86.ActiveCfg = Release|Any CPU
		{896C6B7F-B026-CA8C-0281-5E897191DE8A}.Release|x86.Build.0 = Release|Any CPU
		{71444685-9BE9-4257-8276-3DD45CC4639C}.Debug|Any CPU.ActiveCfg = Debug|Any CPU
		{71444685-9BE9-4257-8276-3DD45CC4639C}.Debug|Any CPU.Build.0 = Debug|Any CPU
		{71444685-9BE9-4257-8276-3DD45CC4639C}.Debug|x64.ActiveCfg = Debug|Any CPU
		{71444685-9BE9-4257-8276-3DD45CC4639C}.Debug|x64.Build.0 = Debug|Any CPU
		{71444685-9BE9-4257-8276-3DD45CC4639C}.Debug|x86.ActiveCfg = Debug|Any CPU
		{71444685-9BE9-4257-8276-3DD45CC4639C}.Debug|x86.Build.0 = Debug|Any CPU
		{71444685-9BE9-4257-8276-3DD45CC4639C}.Release|Any CPU.ActiveCfg = Release|Any CPU
		{71444685-9BE9-4257-8276-3DD45CC4639C}.Release|Any CPU.Build.0 = Release|Any CPU
		{71444685-9BE9-4257-8276-3DD45CC4639C}.Release|x64.ActiveCfg = Release|Any CPU
		{71444685-9BE9-4257-8276-3DD45CC4639C}.Release|x64.Build.0 = Release|Any CPU
		{71444685-9BE9-4257-8276-3DD45CC4639C}.Release|x86.ActiveCfg = Release|Any CPU
		{71444685-9BE9-4257-8276-3DD45CC4639C}.Release|x86.Build.0 = Release|Any CPU
	EndGlobalSection
	GlobalSection(SolutionProperties) = preSolution
		HideSolutionNode = FALSE
	EndGlobalSection
	GlobalSection(ExtensibilityGlobals) = postSolution
		SolutionGuid = {230470F5-D1F1-404D-9FE0-A442DED82BB0}
	EndGlobalSection
EndGlobal
